
Microsoft Visual Studio Solution File, Format Version 12.00
# Visual Studio 15
Project("{FAE04EC0-301F-11D3-BF4B-00C04F79EFBC}") = "LeetCode", "LeetCode.csproj", "{EDF896BA-5D7B-467E-8B8A-64F415B8E822}"
EndProject
Global
	GlobalSection(SolutionConfigurationPlatforms) = preSolution
		Debug|Any CPU = Debug|Any CPU
		Release|Any CPU = Release|Any CPU
	EndGlobalSection
	GlobalSection(ProjectConfigurationPlatforms) = postSolution
		{EDF896BA-5D7B-467E-8B8A-64F415B8E822}.Debug|Any CPU.ActiveCfg = Debug|Any CPU
		{EDF896BA-5D7B-467E-8B8A-64F415B8E822}.Debug|Any CPU.Build.0 = Debug|Any CPU
		{EDF896BA-5D7B-467E-8B8A-64F415B8E822}.Release|Any CPU.ActiveCfg = Release|Any CPU
		{EDF896BA-5D7B-467E-8B8A-64F415B8E822}.Release|Any CPU.Build.0 = Release|Any CPU
	EndGlobalSection
EndGlobal
